
Microsoft Visual Studio Solution File, Format Version 12.00
# Visual Studio Version 17
VisualStudioVersion = 17.12.35521.163 d17.12
MinimumVisualStudioVersion = 10.0.40219.1
Project("{8BC9CEB8-8B4A-11D0-8D11-00A0C91BC942}") = "Legacy Code Retreat", "Legacy Code Retreat.vcxproj", "{44B22C99-7DAF-47BC-93C6-F43178082ED3}"
EndProject
Project("{8BC9CEB8-8B4A-11D0-8D11-00A0C91BC942}") = "Sample-Test1", "Sample-Test1\Sample-Test1.vcxproj", "{3337B948-F911-420A-B5FE-3679212D1A9B}"
EndProject
Global
	GlobalSection(SolutionConfigurationPlatforms) = preSolution
		Debug|x64 = Debug|x64
		Debug|x86 = Debug|x86
		Release|x64 = Release|x64
		Release|x86 = Release|x86
	EndGlobalSection
	GlobalSection(ProjectConfigurationPlatforms) = postSolution
		{44B22C99-7DAF-47BC-93C6-F43178082ED3}.Debug|x64.ActiveCfg = Debug|x64
		{44B22C99-7DAF-47BC-93C6-F43178082ED3}.Debug|x64.Build.0 = Debug|x64
		{44B22C99-7DAF-47BC-93C6-F43178082ED3}.Debug|x86.ActiveCfg = Debug|Win32
		{44B22C99-7DAF-47BC-93C6-F43178082ED3}.Debug|x86.Build.0 = Debug|Win32
		{44B22C99-7DAF-47BC-93C6-F43178082ED3}.Release|x64.ActiveCfg = Release|x64
		{44B22C99-7DAF-47BC-93C6-F43178082ED3}.Release|x64.Build.0 = Release|x64
		{44B22C99-7DAF-47BC-93C6-F43178082ED3}.Release|x86.ActiveCfg = Release|Win32
		{44B22C99-7DAF-47BC-93C6-F43178082ED3}.Release|x86.Build.0 = Release|Win32
		{3337B948-F911-420A-B5FE-3679212D1A9B}.Debug|x64.ActiveCfg = Debug|x64
		{3337B948-F911-420A-B5FE-3679212D1A9B}.Debug|x64.Build.0 = Debug|x64
		{3337B948-F911-420A-B5FE-3679212D1A9B}.Debug|x86.ActiveCfg = Debug|Win32
		{3337B948-F911-420A-B5FE-3679212D1A9B}.Debug|x86.Build.0 = Debug|Win32
		{3337B948-F911-420A-B5FE-3679212D1A9B}.Release|x64.ActiveCfg = Release|x64
		{3337B948-F911-420A-B5FE-3679212D1A9B}.Release|x64.Build.0 = Release|x64
		{3337B948-F911-420A-B5FE-3679212D1A9B}.Release|x86.ActiveCfg = Release|Win32
		{3337B948-F911-420A-B5FE-3679212D1A9B}.Release|x86.Build.0 = Release|Win32
	EndGlobalSection
	GlobalSection(SolutionProperties) = preSolution
		HideSolutionNode = FALSE
	EndGlobalSection
EndGlobal
